
Microsoft Visual Studio Solution File, Format Version 11.00
# Visual Studio 2010
Project("{8BC9CEB8-8B4A-11D0-8D11-00A0C91BC942}") = "OneTouchSearch", "OneTouchSearch.vcxproj", "{5045D049-1416-44E7-835F-88C115905194}"
EndProject
Global
	GlobalSection(SolutionConfigurationPlatforms) = preSolution
		Debug|Win32 = Debug|Win32
		Release|Win32 = Release|Win32
	EndGlobalSection
	GlobalSection(ProjectConfigurationPlatforms) = postSolution
		{5045D049-1416-44E7-835F-88C115905194}.Debug|Win32.ActiveCfg = Debug|Win32
		{5045D049-1416-44E7-835F-88C115905194}.Debug|Win32.Build.0 = Debug|Win32
		{5045D049-1416-44E7-835F-88C115905194}.Release|Win32.ActiveCfg = Release|Win32
		{5045D049-1416-44E7-835F-88C115905194}.Release|Win32.Build.0 = Release|Win32
	EndGlobalSection
	GlobalSection(SolutionProperties) = preSolution
		HideSolutionNode = FALSE
	EndGlobalSection
EndGlobal
